
Microsoft Visual Studio Solution File, Format Version 12.00
# Visual Studio 15
VisualStudioVersion = 15.0.26906.1
MinimumVisualStudioVersion = 10.0.40219.1
Project("{FAE04EC0-301F-11D3-BF4B-00C04F79EFBC}") = "Client", "Client\Client.csproj", "{F1A83FE3-DD51-4444-8406-EF042A1D9DD5}"
EndProject
Project("{FAE04EC0-301F-11D3-BF4B-00C04F79EFBC}") = "Server", "Server\Server.csproj", "{BBB115CE-7F1D-4FC1-B040-9D2D2E2627E5}"
EndProject
Global
	GlobalSection(SolutionConfigurationPlatforms) = preSolution
		Debug|Any CPU = Debug|Any CPU
		Release|Any CPU = Release|Any CPU
	EndGlobalSection
	GlobalSection(ProjectConfigurationPlatforms) = postSolution
		{F1A83FE3-DD51-4444-8406-EF042A1D9DD5}.Debug|Any CPU.ActiveCfg = Debug|Any CPU
		{F1A83FE3-DD51-4444-8406-EF042A1D9DD5}.Debug|Any CPU.Build.0 = Debug|Any CPU
		{F1A83FE3-DD51-4444-8406-EF042A1D9DD5}.Release|Any CPU.ActiveCfg = Release|Any CPU
		{F1A83FE3-DD51-4444-8406-EF042A1D9DD5}.Release|Any CPU.Build.0 = Release|Any CPU
		{BBB115CE-7F1D-4FC1-B040-9D2D2E2627E5}.Debug|Any CPU.ActiveCfg = Debug|Any CPU
		{BBB115CE-7F1D-4FC1-B040-9D2D2E2627E5}.Debug|Any CPU.Build.0 = Debug|Any CPU
		{BBB115CE-7F1D-4FC1-B040-9D2D2E2627E5}.Release|Any CPU.ActiveCfg = Release|Any CPU
		{BBB115CE-7F1D-4FC1-B040-9D2D2E2627E5}.Release|Any CPU.Build.0 = Release|Any CPU
	EndGlobalSection
	GlobalSection(SolutionProperties) = preSolution
		HideSolutionNode = FALSE
	EndGlobalSection
	GlobalSection(ExtensibilityGlobals) = postSolution
		SolutionGuid = {4B2C3D6C-A540-4368-BF72-80EA161FE92F}
	EndGlobalSection
EndGlobal
